// !$*UTF8*$!
{
	archiveVersion = 1;
	classes = {
	};
	objectVersion = 50;
	objects = {

/* Begin PBXBuildFile section */
		ECD1B54C2133FFB300EF40BC /* AppDelegate.swift in Sources */ = {isa = PBXBuildFile; fileRef = ECD1B54B2133FFB300EF40BC /* AppDelegate.swift */; };
		ECD1B54E2133FFB300EF40BC /* ViewController.swift in Sources */ = {isa = PBXBuildFile; fileRef = ECD1B54D2133FFB300EF40BC /* ViewController.swift */; };
		ECD1B5512133FFB300EF40BC /* Main.storyboard in Resources */ = {isa = PBXBuildFile; fileRef = ECD1B54F2133FFB300EF40BC /* Main.storyboard */; };
		ECD1B5542133FFB300EF40BC /* tags.xcdatamodeld in Sources */ = {isa = PBXBuildFile; fileRef = ECD1B5522133FFB300EF40BC /* tags.xcdatamodeld */; };
		ECD1B5562133FFB500EF40BC /* Assets.xcassets in Resources */ = {isa = PBXBuildFile; fileRef = ECD1B5552133FFB500EF40BC /* Assets.xcassets */; };
		ECD1B5592133FFB500EF40BC /* LaunchScreen.storyboard in Resources */ = {isa = PBXBuildFile; fileRef = ECD1B5572133FFB500EF40BC /* LaunchScreen.storyboard */; };
		ECD1B5612134081700EF40BC /* TableViewCell.swift in Sources */ = {isa = PBXBuildFile; fileRef = ECD1B5602134081700EF40BC /* TableViewCell.swift */; };
		ECD1B563213422EE00EF40BC /* CollectionViewController.swift in Sources */ = {isa = PBXBuildFile; fileRef = ECD1B562213422EE00EF40BC /* CollectionViewController.swift */; };
		ECD1B565213422FE00EF40BC /* CollectionViewCell.swift in Sources */ = {isa = PBXBuildFile; fileRef = ECD1B564213422FE00EF40BC /* CollectionViewCell.swift */; };
/* End PBXBuildFile section */

/* Begin PBXFileReference section */
		ECD1B5482133FFB300EF40BC /* tags.app */ = {isa = PBXFileReference; explicitFileType = wrapper.application; includeInIndex = 0; path = tags.app; sourceTree = BUILT_PRODUCTS_DIR; };
		ECD1B54B2133FFB300EF40BC /* AppDelegate.swift */ = {isa = PBXFileReference; lastKnownFileType = sourcecode.swift; path = AppDelegate.swift; sourceTree = "<group>"; };
		ECD1B54D2133FFB300EF40BC /* ViewController.swift */ = {isa = PBXFileReference; lastKnownFileType = sourcecode.swift; path = ViewController.swift; sourceTree = "<group>"; };
		ECD1B5502133FFB300EF40BC /* Base */ = {isa = PBXFileReference; lastKnownFileType = file.storyboard; name = Base; path = Base.lproj/Main.storyboard; sourceTree = "<group>"; };
		ECD1B5532133FFB300EF40BC /* tags.xcdatamodel */ = {isa = PBXFileReference; lastKnownFileType = wrapper.xcdatamodel; path = tags.xcdatamodel; sourceTree = "<group>"; };
		ECD1B5552133FFB500EF40BC /* Assets.xcassets */ = {isa = PBXFileReference; lastKnownFileType = folder.assetcatalog; path = Assets.xcassets; sourceTree = "<group>"; };
		ECD1B5582133FFB500EF40BC /* Base */ = {isa = PBXFileReference; lastKnownFileType = file.storyboard; name = Base; path = Base.lproj/LaunchScreen.storyboard; sourceTree = "<group>"; };
		ECD1B55A2133FFB500EF40BC /* Info.plist */ = {isa = PBXFileReference; lastKnownFileType = text.plist.xml; path = Info.plist; sourceTree = "<group>"; };
		ECD1B5602134081700EF40BC /* TableViewCell.swift */ = {isa = PBXFileReference; lastKnownFileType = sourcecode.swift; path = TableViewCell.swift; sourceTree = "<group>"; };
		ECD1B562213422EE00EF40BC /* CollectionViewController.swift */ = {isa = PBXFileReference; lastKnownFileType = sourcecode.swift; path = CollectionViewController.swift; sourceTree = "<group>"; };
		ECD1B564213422FE00EF40BC /* CollectionViewCell.swift */ = {isa = PBXFileReference; lastKnownFileType = sourcecode.swift; path = CollectionViewCell.swift; sourceTree = "<group>"; };
/* End PBXFileReference section */

/* Begin PBXFrameworksBuildPhase section */
		ECD1B5452133FFB300EF40BC /* Frameworks */ = {
			isa = PBXFrameworksBuildPhase;
			buildActionMask = 2147483647;
			files = (
			);
			runOnlyForDeploymentPostprocessing = 0;
		};
/* End PBXFrameworksBuildPhase section */

/* Begin PBXGroup section */
		ECD1B53F2133FFB300EF40BC = {
			isa = PBXGroup;
			children = (
				ECD1B54A2133FFB300EF40BC /* tags */,
				ECD1B5492133FFB300EF40BC /* Products */,
			);
			sourceTree = "<group>";
		};
		ECD1B5492133FFB300EF40BC /* Products */ = {
			isa = PBXGroup;
			children = (
				ECD1B5482133FFB300EF40BC /* tags.app */,
			);
			name = Products;
			sourceTree = "<group>";
		};
		ECD1B54A2133FFB300EF40BC /* tags */ = {
			isa = PBXGroup;
			children = (
				ECD1B54B2133FFB300EF40BC /* AppDelegate.swift */,
				ECD1B54D2133FFB300EF40BC /* ViewController.swift */,
				ECD1B564213422FE00EF40BC /* CollectionViewCell.swift */,
				ECD1B5602134081700EF40BC /* TableViewCell.swift */,
				ECD1B562213422EE00EF40BC /* CollectionViewController.swift */,
				ECD1B54F2133FFB300EF40BC /* Main.storyboard */,
				ECD1B5552133FFB500EF40BC /* Assets.xcassets */,
				ECD1B5572133FFB500EF40BC /* LaunchScreen.storyboard */,
				ECD1B55A2133FFB500EF40BC /* Info.plist */,
				ECD1B5522133FFB300EF40BC /* tags.xcdatamodeld */,
			);
			path = tags;
			sourceTree = "<group>";
		};
/* End PBXGroup section */

/* Begin PBXNativeTarget section */
		ECD1B5472133FFB300EF40BC /* tags */ = {
			isa = PBXNativeTarget;
			buildConfigurationList = ECD1B55D2133FFB500EF40BC /* Build configuration list for PBXNativeTarget "tags" */;
			buildPhases = (
				ECD1B5442133FFB300EF40BC /* Sources */,
				ECD1B5452133FFB300EF40BC /* Frameworks */,
				ECD1B5462133FFB300EF40BC /* Resources */,
			);
			buildRules = (
			);
			dependencies = (
			);
			name = tags;
			productName = tags;
			productReference = ECD1B5482133FFB300EF40BC /* tags.app */;
			productType = "com.apple.product-type.application";
		};
/* End PBXNativeTarget section */

/* Begin PBXProject section */
		ECD1B5402133FFB300EF40BC /* Project object */ = {
			isa = PBXProject;
			attributes = {
				LastSwiftUpdateCheck = 0940;
				LastUpgradeCheck = 0940;
				ORGANIZATIONNAME = "Deekshith Maram";
				TargetAttributes = {
					ECD1B5472133FFB300EF40BC = {
						CreatedOnToolsVersion = 9.4.1;
					};
				};
			};
			buildConfigurationList = ECD1B5432133FFB300EF40BC /* Build configuration list for PBXProject "tags" */;
			compatibilityVersion = "Xcode 9.3";
			developmentRegion = en;
			hasScannedForEncodings = 0;
			knownRegions = (
				en,
				Base,
			);
			mainGroup = ECD1B53F2133FFB300EF40BC;
			productRefGroup = ECD1B5492133FFB300EF40BC /* Products */;
			projectDirPath = "";
			projectRoot = "";
			targets = (
				ECD1B5472133FFB300EF40BC /* tags */,
			);
		};
/* End PBXProject section */

/* Begin PBXResourcesBuildPhase section */
		ECD1B5462133FFB300EF40BC /* Resources */ = {
			isa = PBXResourcesBuildPhase;
			buildActionMask = 2147483647;
			files = (
				ECD1B5592133FFB500EF40BC /* LaunchScreen.storyboard in Resources */,
				ECD1B5562133FFB500EF40BC /* Assets.xcassets in Resources */,
				ECD1B5512133FFB300EF40BC /* Main.storyboard in Resources */,
			);
			runOnlyForDeploymentPostprocessing = 0;
		};
/* End PBXResourcesBuildPhase section */

/* Begin PBXSourcesBuildPhase section */
		ECD1B5442133FFB300EF40BC /* Sources */ = {
			isa = PBXSourcesBuildPhase;
			buildActionMask = 2147483647;
			files = (
				ECD1B54E2133FFB300EF40BC /* ViewController.swift in Sources */,
				ECD1B5612134081700EF40BC /* TableViewCell.swift in Sources */,
				ECD1B565213422FE00EF40BC /* CollectionViewCell.swift in Sources */,
				ECD1B54C2133FFB300EF40BC /* AppDelegate.swift in Sources */,
				ECD1B5542133FFB300EF40BC /* tags.xcdatamodeld in Sources */,
				ECD1B563213422EE00EF40BC /* CollectionViewController.swift in Sources */,
			);
			runOnlyForDeploymentPostprocessing = 0;
		};
/* End PBXSourcesBuildPhase section */

/* Begin PBXVariantGroup section */
		ECD1B54F2133FFB300EF40BC /* Main.storyboard */ = {
			isa = PBXVariantGroup;
			children = (
				ECD1B5502133FFB300EF40BC /* Base */,
			);
			name = Main.storyboard;
			sourceTree = "<group>";
		};
		ECD1B5572133FFB500EF40BC /* LaunchScreen.storyboard */ = {
			isa = PBXVariantGroup;
			children = (
				ECD1B5582133FFB500EF40BC /* Base */,
			);
			name = LaunchScreen.storyboard;
			sourceTree = "<group>";
		};
/* End PBXVariantGroup section */

/* Begin XCBuildConfiguration section */
		ECD1B55B2133FFB500EF40BC /* Debug */ = {
			isa = XCBuildConfiguration;
			buildSettings = {
				ALWAYS_SEARCH_USER_PATHS = NO;
				CLANG_ANALYZER_NONNULL = YES;
				CLANG_ANALYZER_NUMBER_OBJECT_CONVERSION = YES_AGGRESSIVE;
				CLANG_CXX_LANGUAGE_STANDARD = "gnu++14";
				CLANG_CXX_LIBRARY = "libc++";
				CLANG_ENABLE_MODULES = YES;
				CLANG_ENABLE_OBJC_ARC = YES;
				CLANG_ENABLE_OBJC_WEAK = YES;
				CLANG_WARN_BLOCK_CAPTURE_AUTORELEASING = YES;
				CLANG_WARN_BOOL_CONVERSION = YES;
				CLANG_WARN_COMMA = YES;
				CLANG_WARN_CONSTANT_CONVERSION = YES;
				CLANG_WARN_DEPRECATED_OBJC_IMPLEMENTATIONS = YES;
				CLANG_WARN_DIRECT_OBJC_ISA_USAGE = YES_ERROR;
				CLANG_WARN_DOCUMENTATION_COMMENTS = YES;
				CLANG_WARN_EMPTY_BODY = YES;
				CLANG_WARN_ENUM_CONVERSION = YES;
				CLANG_WARN_INFINITE_RECURSION = YES;
				CLANG_WARN_INT_CONVERSION = YES;
				CLANG_WARN_NON_LITERAL_NULL_CONVERSION = YES;
				CLANG_WARN_OBJC_IMPLICIT_RETAIN_SELF = YES;
				CLANG_WARN_OBJC_LITERAL_CONVERSION = YES;
				CLANG_WARN_OBJC_ROOT_CLASS = YES_ERROR;
				CLANG_WARN_RANGE_LOOP_ANALYSIS = YES;
				CLANG_WARN_STRICT_PROTOTYPES = YES;
				CLANG_WARN_SUSPICIOUS_MOVE = YES;
				CLANG_WARN_UNGUARDED_AVAILABILITY = YES_AGGRESSIVE;
				CLANG_WARN_UNREACHABLE_CODE = YES;
				CLANG_WARN__DUPLICATE_METHOD_MATCH = YES;
				CODE_SIGN_IDENTITY = "iPhone Developer";
				COPY_PHASE_STRIP = NO;
				DEBUG_INFORMATION_FORMAT = dwarf;
				ENABLE_STRICT_OBJC_MSGSEND = YES;
				ENABLE_TESTABILITY = YES;
				GCC_C_LANGUAGE_STANDARD = gnu11;
				GCC_DYNAMIC_NO_PIC = NO;
				GCC_NO_COMMON_BLOCKS = YES;
				GCC_OPTIMIZATION_LEVEL = 0;
				GCC_PREPROCESSOR_DEFINITIONS = (
					"DEBUG=1",
					"$(inherited)",
				);
				GCC_WARN_64_TO_32_BIT_CONVERSION = YES;
				GCC_WARN_ABOUT_RETURN_TYPE = YES_ERROR;
				GCC_WARN_UNDECLARED_SELECTOR = YES;
				GCC_WARN_UNINITIALIZED_AUTOS = YES_AGGRESSIVE;
				GCC_WARN_UNUSED_FUNCTION = YES;
				GCC_WARN_UNUSED_VARIABLE = YES;
				IPHONEOS_DEPLOYMENT_TARGET = 11.4;
				MTL_ENABLE_DEBUG_INFO = YES;
				ONLY_ACTIVE_ARCH = YES;
				SDKROOT = iphoneos;
				SWIFT_ACTIVE_COMPILATION_CONDITIONS = DEBUG;
				SWIFT_OPTIMIZATION_LEVEL = "-Onone";
			};
			name = Debug;
		};
		ECD1B55C2133FFB500EF40BC /* Release */ = {
			isa = XCBuildConfiguration;
			buildSettings = {
				ALWAYS_SEARCH_USER_PATHS = NO;
				CLANG_ANALYZER_NONNULL = YES;
				CLANG_ANALYZER_NUMBER_OBJECT_CONVERSION = YES_AGGRESSIVE;
				CLANG_CXX_LANGUAGE_STANDARD = "gnu++14";
				CLANG_CXX_LIBRARY = "libc++";
				CLANG_ENABLE_MODULES = YES;
				CLANG_ENABLE_OBJC_ARC = YES;
				CLANG_ENABLE_OBJC_WEAK = YES;
				CLANG_WARN_BLOCK_CAPTURE_AUTORELEASING = YES;
				CLANG_WARN_BOOL_CONVERSION = YES;
				CLANG_WARN_COMMA = YES;
				CLANG_WARN_CONSTANT_CONVERSION = YES;
				CLANG_WARN_DEPRECATED_OBJC_IMPLEMENTATIONS = YES;
				CLANG_WARN_DIRECT_OBJC_ISA_USAGE = YES_ERROR;
				CLANG_WARN_DOCUMENTATION_COMMENTS = YES;
				CLANG_WARN_EMPTY_BODY = YES;
				CLANG_WARN_ENUM_CONVERSION = YES;
				CLANG_WARN_INFINITE_RECURSION = YES;
				CLANG_WARN_INT_CONVERSION = YES;
				CLANG_WARN_NON_LITERAL_NULL_CONVERSION = YES;
				CLANG_WARN_OBJC_IMPLICIT_RETAIN_SELF = YES;
				CLANG_WARN_OBJC_LITERAL_CONVERSION = YES;
				CLANG_WARN_OBJC_ROOT_CLASS = YES_ERROR;
				CLANG_WARN_RANGE_LOOP_ANALYSIS = YES;
				CLANG_WARN_STRICT_PROTOTYPES = YES;
				CLANG_WARN_SUSPICIOUS_MOVE = YES;
				CLANG_WARN_UNGUARDED_AVAILABILITY = YES_AGGRESSIVE;
				CLANG_WARN_UNREACHABLE_CODE = YES;
				CLANG_WARN__DUPLICATE_METHOD_MATCH = YES;
				CODE_SIGN_IDENTITY = "iPhone Developer";
				COPY_PHASE_STRIP = NO;
				DEBUG_INFORMATION_FORMAT = "dwarf-with-dsym";
				ENABLE_NS_ASSERTIONS = NO;
				ENABLE_STRICT_OBJC_MSGSEND = YES;
				GCC_C_LANGUAGE_STANDARD = gnu11;
				GCC_NO_COMMON_BLOCKS = YES;
				GCC_WARN_64_TO_32_BIT_CONVERSION = YES;
				GCC_WARN_ABOUT_RETURN_TYPE = YES_ERROR;
				GCC_WARN_UNDECLARED_SELECTOR = YES;
				GCC_WARN_UNINITIALIZED_AUTOS = YES_AGGRESSIVE;
				GCC_WARN_UNUSED_FUNCTION = YES;
				GCC_WARN_UNUSED_VARIABLE = YES;
				IPHONEOS_DEPLOYMENT_TARGET = 11.4;
				MTL_ENABLE_DEBUG_INFO = NO;
				SDKROOT = iphoneos;
				SWIFT_COMPILATION_MODE = wholemodule;
				SWIFT_OPTIMIZATION_LEVEL = "-O";
				VALIDATE_PRODUCT = YES;
			};
			name = Release;
		};
		ECD1B55E2133FFB500EF40BC /* Debug */ = {
			isa = XCBuildConfiguration;
			buildSettings = {
				ASSETCATALOG_COMPILER_APPICON_NAME = AppIcon;
				CODE_SIGN_STYLE = Automatic;
				DEVELOPMENT_TEAM = 57A9336599;
				INFOPLIST_FILE = tags/Info.plist;
				LD_RUNPATH_SEARCH_PATHS = (
					"$(inherited)",
					"@executable_path/Frameworks",
				);
				PRODUCT_BUNDLE_IDENTIFIER = com.maguresoftwares.tags;
				PRODUCT_NAME = "$(TARGET_NAME)";
				SWIFT_VERSION = 4.0;
				TARGETED_DEVICE_FAMILY = "1,2";
			};
			name = Debug;
		};
		ECD1B55F2133FFB500EF40BC /* Release */ = {
			isa = XCBuildConfiguration;
			buildSettings = {
				ASSETCATALOG_COMPILER_APPICON_NAME = AppIcon;
				CODE_SIGN_STYLE = Automatic;
				DEVELOPMENT_TEAM = 57A9336599;
				INFOPLIST_FILE = tags/Info.plist;
				LD_RUNPATH_SEARCH_PATHS = (
					"$(inherited)",
					"@executable_path/Frameworks",
				);
				PRODUCT_BUNDLE_IDENTIFIER = com.maguresoftwares.tags;
				PRODUCT_NAME = "$(TARGET_NAME)";
				SWIFT_VERSION = 4.0;
				TARGETED_DEVICE_FAMILY = "1,2";
			};
			name = Release;
		};
/* End XCBuildConfiguration section */

/* Begin XCConfigurationList section */
		ECD1B5432133FFB300EF40BC /* Build configuration list for PBXProject "tags" */ = {
			isa = XCConfigurationList;
			buildConfigurations = (
				ECD1B55B2133FFB500EF40BC /* Debug */,
				ECD1B55C2133FFB500EF40BC /* Release */,
			);
			defaultConfigurationIsVisible = 0;
			defaultConfigurationName = Release;
		};
		ECD1B55D2133FFB500EF40BC /* Build configuration list for PBXNativeTarget "tags" */ = {
			isa = XCConfigurationList;
			buildConfigurations = (
				ECD1B55E2133FFB500EF40BC /* Debug */,
				ECD1B55F2133FFB500EF40BC /* Release */,
			);
			defaultConfigurationIsVisible = 0;
			defaultConfigurationName = Release;
		};
/* End XCConfigurationList section */

/* Begin XCVersionGroup section */
		ECD1B5522133FFB300EF40BC /* tags.xcdatamodeld */ = {
			isa = XCVersionGroup;
			children = (
				ECD1B5532133FFB300EF40BC /* tags.xcdatamodel */,
			);
			currentVersion = ECD1B5532133FFB300EF40BC /* tags.xcdatamodel */;
			path = tags.xcdatamodeld;
			sourceTree = "<group>";
			versionGroupType = wrapper.xcdatamodel;
		};
/* End XCVersionGroup section */
	};
	rootObject = ECD1B5402133FFB300EF40BC /* Project object */;
}
